
Microsoft Visual Studio Solution File, Format Version 12.00
# Visual Studio Version 17
VisualStudioVersion = 17.8.34330.188
MinimumVisualStudioVersion = 10.0.40219.1
Project("{FAE04EC0-301F-11D3-BF4B-00C04F79EFBC}") = "DbTarpinisAtsiskaitymas", "DbTarpinisAtsiskaitymas\DbTarpinisAtsiskaitymas.csproj", "{F2CCA799-4F83-45A3-A415-E2BD45BD79CF}"
EndProject
Global
	GlobalSection(SolutionConfigurationPlatforms) = preSolution
		Debug|Any CPU = Debug|Any CPU
		Release|Any CPU = Release|Any CPU
	EndGlobalSection
	GlobalSection(ProjectConfigurationPlatforms) = postSolution
		{F2CCA799-4F83-45A3-A415-E2BD45BD79CF}.Debug|Any CPU.ActiveCfg = Debug|Any CPU
		{F2CCA799-4F83-45A3-A415-E2BD45BD79CF}.Debug|Any CPU.Build.0 = Debug|Any CPU
		{F2CCA799-4F83-45A3-A415-E2BD45BD79CF}.Release|Any CPU.ActiveCfg = Release|Any CPU
		{F2CCA799-4F83-45A3-A415-E2BD45BD79CF}.Release|Any CPU.Build.0 = Release|Any CPU
	EndGlobalSection
	GlobalSection(SolutionProperties) = preSolution
		HideSolutionNode = FALSE
	EndGlobalSection
	GlobalSection(ExtensibilityGlobals) = postSolution
		SolutionGuid = {0BB30387-0972-4943-9219-22B66CD5C0AF}
	EndGlobalSection
EndGlobal
